
Microsoft Visual Studio Solution File, Format Version 12.00
# Visual Studio Version 16
VisualStudioVersion = 16.0.30002.166
MinimumVisualStudioVersion = 10.0.40219.1
Project("{9A19103F-16F7-4668-BE54-9A1E7A4F7556}") = "Foundation.Api.Tests", "Foundation.Api.Tests\Foundation.Api.Tests.csproj", "{A77589CF-B636-4066-A77D-7941987006D0}"
EndProject
Project("{2150E333-8FDC-42A3-9474-1A3956D46DE8}") = "Core", "Core", "{799646A5-7427-47FF-94F6-8C28C3E01ABC}"
EndProject
Project("{2150E333-8FDC-42A3-9474-1A3956D46DE8}") = "Infrastructure", "Infrastructure", "{A5BB7326-5807-43AC-9FC7-887371AF11CF}"
EndProject
Project("{2150E333-8FDC-42A3-9474-1A3956D46DE8}") = "Tests", "Tests", "{2903341C-7F53-4F47-8F00-D7D04A312CFA}"
EndProject
Project("{9A19103F-16F7-4668-BE54-9A1E7A4F7556}") = "Application", "Application\Application.csproj", "{AFCA8388-6DC1-4C80-ABF6-C57A948AB34A}"
EndProject
Project("{9A19103F-16F7-4668-BE54-9A1E7A4F7556}") = "Domain", "Domain\Domain.csproj", "{AF555186-F5F2-4435-BFFC-54DAF835727D}"
EndProject
Project("{9A19103F-16F7-4668-BE54-9A1E7A4F7556}") = "Infrastructure.Persistence", "Infrastructure.Persistence\Infrastructure.Persistence.csproj", "{3F5B0CC8-9672-4279-A9AC-F4DCB49804A6}"
EndProject
Project("{9A19103F-16F7-4668-BE54-9A1E7A4F7556}") = "Infrastructure.Shared", "Infrastructure.Shared\Infrastructure.Shared.csproj", "{A9F8E14F-91C6-41BB-B2BA-85EB042A13A1}"
EndProject
Project("{9A19103F-16F7-4668-BE54-9A1E7A4F7556}") = "WebApi", "WebApi\WebApi.csproj", "{B83E74E3-9161-40D1-8F6F-977AC18683BD}"
EndProject
Project("{2150E333-8FDC-42A3-9474-1A3956D46DE8}") = "Api", "Api", "{3A407E5B-2F77-4517-9777-FC2A3F41129E}"
EndProject
Project("{FAE04EC0-301F-11D3-BF4B-00C04F79EFBC}") = "Infrastructure.Identity", "Infrastructure.Identity\Infrastructure.Identity.csproj", "{5401DF88-70B9-49B7-88A5-6F144E0E23AB}"
EndProject
Global
	GlobalSection(SolutionConfigurationPlatforms) = preSolution
		Debug|Any CPU = Debug|Any CPU
		Release|Any CPU = Release|Any CPU
	EndGlobalSection
	GlobalSection(ProjectConfigurationPlatforms) = postSolution
		{A77589CF-B636-4066-A77D-7941987006D0}.Debug|Any CPU.ActiveCfg = Debug|Any CPU
		{A77589CF-B636-4066-A77D-7941987006D0}.Debug|Any CPU.Build.0 = Debug|Any CPU
		{A77589CF-B636-4066-A77D-7941987006D0}.Release|Any CPU.ActiveCfg = Release|Any CPU
		{A77589CF-B636-4066-A77D-7941987006D0}.Release|Any CPU.Build.0 = Release|Any CPU
		{AFCA8388-6DC1-4C80-ABF6-C57A948AB34A}.Debug|Any CPU.ActiveCfg = Debug|Any CPU
		{AFCA8388-6DC1-4C80-ABF6-C57A948AB34A}.Debug|Any CPU.Build.0 = Debug|Any CPU
		{AFCA8388-6DC1-4C80-ABF6-C57A948AB34A}.Release|Any CPU.ActiveCfg = Release|Any CPU
		{AFCA8388-6DC1-4C80-ABF6-C57A948AB34A}.Release|Any CPU.Build.0 = Release|Any CPU
		{AF555186-F5F2-4435-BFFC-54DAF835727D}.Debug|Any CPU.ActiveCfg = Debug|Any CPU
		{AF555186-F5F2-4435-BFFC-54DAF835727D}.Debug|Any CPU.Build.0 = Debug|Any CPU
		{AF555186-F5F2-4435-BFFC-54DAF835727D}.Release|Any CPU.ActiveCfg = Release|Any CPU
		{AF555186-F5F2-4435-BFFC-54DAF835727D}.Release|Any CPU.Build.0 = Release|Any CPU
		{3F5B0CC8-9672-4279-A9AC-F4DCB49804A6}.Debug|Any CPU.ActiveCfg = Debug|Any CPU
		{3F5B0CC8-9672-4279-A9AC-F4DCB49804A6}.Debug|Any CPU.Build.0 = Debug|Any CPU
		{3F5B0CC8-9672-4279-A9AC-F4DCB49804A6}.Release|Any CPU.ActiveCfg = Release|Any CPU
		{3F5B0CC8-9672-4279-A9AC-F4DCB49804A6}.Release|Any CPU.Build.0 = Release|Any CPU
		{A9F8E14F-91C6-41BB-B2BA-85EB042A13A1}.Debug|Any CPU.ActiveCfg = Debug|Any CPU
		{A9F8E14F-91C6-41BB-B2BA-85EB042A13A1}.Debug|Any CPU.Build.0 = Debug|Any CPU
		{A9F8E14F-91C6-41BB-B2BA-85EB042A13A1}.Release|Any CPU.ActiveCfg = Release|Any CPU
		{A9F8E14F-91C6-41BB-B2BA-85EB042A13A1}.Release|Any CPU.Build.0 = Release|Any CPU
		{B83E74E3-9161-40D1-8F6F-977AC18683BD}.Debug|Any CPU.ActiveCfg = Debug|Any CPU
		{B83E74E3-9161-40D1-8F6F-977AC18683BD}.Debug|Any CPU.Build.0 = Debug|Any CPU
		{B83E74E3-9161-40D1-8F6F-977AC18683BD}.Release|Any CPU.ActiveCfg = Release|Any CPU
		{B83E74E3-9161-40D1-8F6F-977AC18683BD}.Release|Any CPU.Build.0 = Release|Any CPU
		{5401DF88-70B9-49B7-88A5-6F144E0E23AB}.Debug|Any CPU.ActiveCfg = Debug|Any CPU
		{5401DF88-70B9-49B7-88A5-6F144E0E23AB}.Debug|Any CPU.Build.0 = Debug|Any CPU
		{5401DF88-70B9-49B7-88A5-6F144E0E23AB}.Release|Any CPU.ActiveCfg = Release|Any CPU
		{5401DF88-70B9-49B7-88A5-6F144E0E23AB}.Release|Any CPU.Build.0 = Release|Any CPU
	EndGlobalSection
	GlobalSection(SolutionProperties) = preSolution
		HideSolutionNode = FALSE
	EndGlobalSection
	GlobalSection(NestedProjects) = preSolution
		{A77589CF-B636-4066-A77D-7941987006D0} = {2903341C-7F53-4F47-8F00-D7D04A312CFA}
		{AFCA8388-6DC1-4C80-ABF6-C57A948AB34A} = {799646A5-7427-47FF-94F6-8C28C3E01ABC}
		{AF555186-F5F2-4435-BFFC-54DAF835727D} = {799646A5-7427-47FF-94F6-8C28C3E01ABC}
		{3F5B0CC8-9672-4279-A9AC-F4DCB49804A6} = {A5BB7326-5807-43AC-9FC7-887371AF11CF}
		{A9F8E14F-91C6-41BB-B2BA-85EB042A13A1} = {A5BB7326-5807-43AC-9FC7-887371AF11CF}
		{B83E74E3-9161-40D1-8F6F-977AC18683BD} = {3A407E5B-2F77-4517-9777-FC2A3F41129E}
		{5401DF88-70B9-49B7-88A5-6F144E0E23AB} = {A5BB7326-5807-43AC-9FC7-887371AF11CF}
	EndGlobalSection
	GlobalSection(ExtensibilityGlobals) = postSolution
		SolutionGuid = {9835CF75-B91B-494B-879B-E69CAE5EA0B6}
	EndGlobalSection
EndGlobal
